// !$*UTF8*$!
{
	archiveVersion = 1;
	classes = {
	};
	objectVersion = 77;
	objects = {

/* Begin PBXBuildFile section */
		1CC6029CFAC38819089A8298 /* FeatureTip.swift in Sources */ = {isa = PBXBuildFile; fileRef = 47EB794AF932C0799B6DED39 /* FeatureTip.swift */; };
		4EDF0C22DB9776D137B4BC28 /* ios-tipkit-20260227-131944-e85f4fApp.swift in Sources */ = {isa = PBXBuildFile; fileRef = D2250713A854DF1A8EE5360B /* ios-tipkit-20260227-131944-e85f4fApp.swift */; };
		867FAD1328976479B33673C5 /* ContentView.swift in Sources */ = {isa = PBXBuildFile; fileRef = 5AC63B7BE7301A62A98973EA /* ContentView.swift */; };
/* End PBXBuildFile section */

/* Begin PBXFileReference section */
		00241B1E58A1CCB51DEEB6A5 /* Info.plist */ = {isa = PBXFileReference; lastKnownFileType = text.plist; path = Info.plist; sourceTree = "<group>"; };
		47EB794AF932C0799B6DED39 /* FeatureTip.swift */ = {isa = PBXFileReference; lastKnownFileType = sourcecode.swift; path = FeatureTip.swift; sourceTree = "<group>"; };
		5AC63B7BE7301A62A98973EA /* ContentView.swift */ = {isa = PBXFileReference; lastKnownFileType = sourcecode.swift; path = ContentView.swift; sourceTree = "<group>"; };
		D2250713A854DF1A8EE5360B /* ios-tipkit-20260227-131944-e85f4fApp.swift */ = {isa = PBXFileReference; lastKnownFileType = sourcecode.swift; path = "ios-tipkit-20260227-131944-e85f4fApp.swift"; sourceTree = "<group>"; };
		E4DBE2B198DF20E891DF1664 /* ios-tipkit-20260227-131944-e85f4f.app */ = {isa = PBXFileReference; includeInIndex = 0; lastKnownFileType = wrapper.application; path = "ios-tipkit-20260227-131944-e85f4f.app"; sourceTree = BUILT_PRODUCTS_DIR; };
/* End PBXFileReference section */

/* Begin PBXGroup section */
		120E9ACF1C98CB9B588A421B = {
			isa = PBXGroup;
			children = (
				1A761E089F4A6762F9B5C37F /* Sources */,
				5F17BEBF6D12441555131A40 /* Products */,
			);
			sourceTree = "<group>";
		};
		1A761E089F4A6762F9B5C37F /* Sources */ = {
			isa = PBXGroup;
			children = (
				89D195D7E63C09CD431CDA7F /* ios-tipkit-20260227-131944-e85f4f */,
			);
			path = Sources;
			sourceTree = "<group>";
		};
		5F17BEBF6D12441555131A40 /* Products */ = {
			isa = PBXGroup;
			children = (
				E4DBE2B198DF20E891DF1664 /* ios-tipkit-20260227-131944-e85f4f.app */,
			);
			name = Products;
			sourceTree = "<group>";
		};
		89D195D7E63C09CD431CDA7F /* ios-tipkit-20260227-131944-e85f4f */ = {
			isa = PBXGroup;
			children = (
				5AC63B7BE7301A62A98973EA /* ContentView.swift */,
				47EB794AF932C0799B6DED39 /* FeatureTip.swift */,
				00241B1E58A1CCB51DEEB6A5 /* Info.plist */,
				D2250713A854DF1A8EE5360B /* ios-tipkit-20260227-131944-e85f4fApp.swift */,
			);
			path = "ios-tipkit-20260227-131944-e85f4f";
			sourceTree = "<group>";
		};
/* End PBXGroup section */

/* Begin PBXNativeTarget section */
		A749BB531CF6C0D73BD10158 /* ios-tipkit-20260227-131944-e85f4f */ = {
			isa = PBXNativeTarget;
			buildConfigurationList = 3F53E4913C6AB1E6080CE211 /* Build configuration list for PBXNativeTarget "ios-tipkit-20260227-131944-e85f4f" */;
			buildPhases = (
				F683EAFAD4949EA9F067AF87 /* Sources */,
			);
			buildRules = (
			);
			dependencies = (
			);
			name = "ios-tipkit-20260227-131944-e85f4f";
			packageProductDependencies = (
			);
			productName = "ios-tipkit-20260227-131944-e85f4f";
			productReference = E4DBE2B198DF20E891DF1664 /* ios-tipkit-20260227-131944-e85f4f.app */;
			productType = "com.apple.product-type.application";
		};
/* End PBXNativeTarget section */

/* Begin PBXProject section */
		9D33BA8224560CE2957A52F9 /* Project object */ = {
			isa = PBXProject;
			attributes = {
				BuildIndependentTargetsInParallel = YES;
				LastUpgradeCheck = 1430;
				TargetAttributes = {
					A749BB531CF6C0D73BD10158 = {
						ProvisioningStyle = Automatic;
					};
				};
			};
			buildConfigurationList = 3E78B4C722446673D26674AD /* Build configuration list for PBXProject "ios-tipkit-20260227-131944-e85f4f" */;
			compatibilityVersion = "Xcode 14.0";
			developmentRegion = en;
			hasScannedForEncodings = 0;
			knownRegions = (
				Base,
				en,
			);
			mainGroup = 120E9ACF1C98CB9B588A421B;
			minimizedProjectReferenceProxies = 1;
			preferredProjectObjectVersion = 77;
			projectDirPath = "";
			projectRoot = "";
			targets = (
				A749BB531CF6C0D73BD10158 /* ios-tipkit-20260227-131944-e85f4f */,
			);
		};
/* End PBXProject section */

/* Begin PBXSourcesBuildPhase section */
		F683EAFAD4949EA9F067AF87 /* Sources */ = {
			isa = PBXSourcesBuildPhase;
			buildActionMask = 2147483647;
			files = (
				867FAD1328976479B33673C5 /* ContentView.swift in Sources */,
				1CC6029CFAC38819089A8298 /* FeatureTip.swift in Sources */,
				4EDF0C22DB9776D137B4BC28 /* ios-tipkit-20260227-131944-e85f4fApp.swift in Sources */,
			);
			runOnlyForDeploymentPostprocessing = 0;
		};
/* End PBXSourcesBuildPhase section */

/* Begin XCBuildConfiguration section */
		3587C3DBB5B31A3C868BCA58 /* Release */ = {
			isa = XCBuildConfiguration;
			buildSettings = {
				ASSETCATALOG_COMPILER_APPICON_NAME = AppIcon;
				CODE_SIGN_IDENTITY = "iPhone Developer";
				CODE_SIGN_STYLE = Automatic;
				CURRENT_PROJECT_VERSION = 1;
				INFOPLIST_FILE = "Sources/ios-tipkit-20260227-131944-e85f4f/Info.plist";
				LD_RUNPATH_SEARCH_PATHS = (
					"$(inherited)",
					"@executable_path/Frameworks",
				);
				MARKETING_VERSION = 1.0;
				PRODUCT_NAME = "ios-tipkit-20260227-131944-e85f4f";
				SDKROOT = iphoneos;
				TARGETED_DEVICE_FAMILY = "1,2";
			};
			name = Release;
		};
		404A2472791D1D6691C6A9C7 /* Debug */ = {
			isa = XCBuildConfiguration;
			buildSettings = {
				ASSETCATALOG_COMPILER_APPICON_NAME = AppIcon;
				CODE_SIGN_IDENTITY = "iPhone Developer";
				CODE_SIGN_STYLE = Automatic;
				CURRENT_PROJECT_VERSION = 1;
				INFOPLIST_FILE = "Sources/ios-tipkit-20260227-131944-e85f4f/Info.plist";
				LD_RUNPATH_SEARCH_PATHS = (
					"$(inherited)",
					"@executable_path/Frameworks",
				);
				MARKETING_VERSION = 1.0;
				PRODUCT_NAME = "ios-tipkit-20260227-131944-e85f4f";
				SDKROOT = iphoneos;
				TARGETED_DEVICE_FAMILY = "1,2";
			};
			name = Debug;
		};
		C1E135898C3906F67B02BBC6 /* Debug */ = {
			isa = XCBuildConfiguration;
			buildSettings = {
				ALWAYS_SEARCH_USER_PATHS = NO;
				CLANG_ANALYZER_NONNULL = YES;
				CLANG_ANALYZER_NUMBER_OBJECT_CONVERSION = YES_AGGRESSIVE;
				CLANG_CXX_LANGUAGE_STANDARD = "gnu++14";
				CLANG_CXX_LIBRARY = "libc++";
				CLANG_ENABLE_MODULES = YES;
				CLANG_ENABLE_OBJC_ARC = YES;
				CLANG_ENABLE_OBJC_WEAK = YES;
				CLANG_WARN_BLOCK_CAPTURE_AUTORELEASING = YES;
				CLANG_WARN_BOOL_CONVERSION = YES;
				CLANG_WARN_COMMA = YES;
				CLANG_WARN_CONSTANT_CONVERSION = YES;
				CLANG_WARN_DEPRECATED_OBJC_IMPLEMENTATIONS = YES;
				CLANG_WARN_DIRECT_OBJC_ISA_USAGE = YES_ERROR;
				CLANG_WARN_DOCUMENTATION_COMMENTS = YES;
				CLANG_WARN_EMPTY_BODY = YES;
				CLANG_WARN_ENUM_CONVERSION = YES;
				CLANG_WARN_INFINITE_RECURSION = YES;
				CLANG_WARN_INT_CONVERSION = YES;
				CLANG_WARN_NON_LITERAL_NULL_CONVERSION = YES;
				CLANG_WARN_OBJC_IMPLICIT_RETAIN_SELF = YES;
				CLANG_WARN_OBJC_LITERAL_CONVERSION = YES;
				CLANG_WARN_OBJC_ROOT_CLASS = YES_ERROR;
				CLANG_WARN_QUOTED_INCLUDE_IN_FRAMEWORK_HEADER = YES;
				CLANG_WARN_RANGE_LOOP_ANALYSIS = YES;
				CLANG_WARN_STRICT_PROTOTYPES = YES;
				CLANG_WARN_SUSPICIOUS_MOVE = YES;
				CLANG_WARN_UNGUARDED_AVAILABILITY = YES_AGGRESSIVE;
				CLANG_WARN_UNREACHABLE_CODE = YES;
				CLANG_WARN__DUPLICATE_METHOD_MATCH = YES;
				COPY_PHASE_STRIP = NO;
				DEBUG_INFORMATION_FORMAT = dwarf;
				ENABLE_STRICT_OBJC_MSGSEND = YES;
				ENABLE_TESTABILITY = YES;
				GCC_C_LANGUAGE_STANDARD = gnu11;
				GCC_DYNAMIC_NO_PIC = NO;
				GCC_NO_COMMON_BLOCKS = YES;
				GCC_OPTIMIZATION_LEVEL = 0;
				GCC_PREPROCESSOR_DEFINITIONS = (
					"$(inherited)",
					"DEBUG=1",
				);
				GCC_WARN_64_TO_32_BIT_CONVERSION = YES;
				GCC_WARN_ABOUT_RETURN_TYPE = YES_ERROR;
				GCC_WARN_UNDECLARED_SELECTOR = YES;
				GCC_WARN_UNINITIALIZED_AUTOS = YES_AGGRESSIVE;
				GCC_WARN_UNUSED_FUNCTION = YES;
				GCC_WARN_UNUSED_VARIABLE = YES;
				IPHONEOS_DEPLOYMENT_TARGET = 17.0;
				MTL_ENABLE_DEBUG_INFO = INCLUDE_SOURCE;
				MTL_FAST_MATH = YES;
				ONLY_ACTIVE_ARCH = YES;
				PRODUCT_BUNDLE_IDENTIFIER = "com.ryankaya.ios-tipkit-20260227-131944-e85f4f";
				PRODUCT_NAME = "$(TARGET_NAME)";
				SDKROOT = iphoneos;
				SWIFT_ACTIVE_COMPILATION_CONDITIONS = DEBUG;
				SWIFT_OPTIMIZATION_LEVEL = "-Onone";
				SWIFT_VERSION = 5.0;
			};
			name = Debug;
		};
		D653BE9503BC1BED2F7D0585 /* Release */ = {
			isa = XCBuildConfiguration;
			buildSettings = {
				ALWAYS_SEARCH_USER_PATHS = NO;
				CLANG_ANALYZER_NONNULL = YES;
				CLANG_ANALYZER_NUMBER_OBJECT_CONVERSION = YES_AGGRESSIVE;
				CLANG_CXX_LANGUAGE_STANDARD = "gnu++14";
				CLANG_CXX_LIBRARY = "libc++";
				CLANG_ENABLE_MODULES = YES;
				CLANG_ENABLE_OBJC_ARC = YES;
				CLANG_ENABLE_OBJC_WEAK = YES;
				CLANG_WARN_BLOCK_CAPTURE_AUTORELEASING = YES;
				CLANG_WARN_BOOL_CONVERSION = YES;
				CLANG_WARN_COMMA = YES;
				CLANG_WARN_CONSTANT_CONVERSION = YES;
				CLANG_WARN_DEPRECATED_OBJC_IMPLEMENTATIONS = YES;
				CLANG_WARN_DIRECT_OBJC_ISA_USAGE = YES_ERROR;
				CLANG_WARN_DOCUMENTATION_COMMENTS = YES;
				CLANG_WARN_EMPTY_BODY = YES;
				CLANG_WARN_ENUM_CONVERSION = YES;
				CLANG_WARN_INFINITE_RECURSION = YES;
				CLANG_WARN_INT_CONVERSION = YES;
				CLANG_WARN_NON_LITERAL_NULL_CONVERSION = YES;
				CLANG_WARN_OBJC_IMPLICIT_RETAIN_SELF = YES;
				CLANG_WARN_OBJC_LITERAL_CONVERSION = YES;
				CLANG_WARN_OBJC_ROOT_CLASS = YES_ERROR;
				CLANG_WARN_QUOTED_INCLUDE_IN_FRAMEWORK_HEADER = YES;
				CLANG_WARN_RANGE_LOOP_ANALYSIS = YES;
				CLANG_WARN_STRICT_PROTOTYPES = YES;
				CLANG_WARN_SUSPICIOUS_MOVE = YES;
				CLANG_WARN_UNGUARDED_AVAILABILITY = YES_AGGRESSIVE;
				CLANG_WARN_UNREACHABLE_CODE = YES;
				CLANG_WARN__DUPLICATE_METHOD_MATCH = YES;
				COPY_PHASE_STRIP = NO;
				DEBUG_INFORMATION_FORMAT = "dwarf-with-dsym";
				ENABLE_NS_ASSERTIONS = NO;
				ENABLE_STRICT_OBJC_MSGSEND = YES;
				GCC_C_LANGUAGE_STANDARD = gnu11;
				GCC_NO_COMMON_BLOCKS = YES;
				GCC_WARN_64_TO_32_BIT_CONVERSION = YES;
				GCC_WARN_ABOUT_RETURN_TYPE = YES_ERROR;
				GCC_WARN_UNDECLARED_SELECTOR = YES;
				GCC_WARN_UNINITIALIZED_AUTOS = YES_AGGRESSIVE;
				GCC_WARN_UNUSED_FUNCTION = YES;
				GCC_WARN_UNUSED_VARIABLE = YES;
				IPHONEOS_DEPLOYMENT_TARGET = 17.0;
				MTL_ENABLE_DEBUG_INFO = NO;
				MTL_FAST_MATH = YES;
				PRODUCT_BUNDLE_IDENTIFIER = "com.ryankaya.ios-tipkit-20260227-131944-e85f4f";
				PRODUCT_NAME = "$(TARGET_NAME)";
				SDKROOT = iphoneos;
				SWIFT_COMPILATION_MODE = wholemodule;
				SWIFT_OPTIMIZATION_LEVEL = "-O";
				SWIFT_VERSION = 5.0;
			};
			name = Release;
		};
/* End XCBuildConfiguration section */

/* Begin XCConfigurationList section */
		3E78B4C722446673D26674AD /* Build configuration list for PBXProject "ios-tipkit-20260227-131944-e85f4f" */ = {
			isa = XCConfigurationList;
			buildConfigurations = (
				C1E135898C3906F67B02BBC6 /* Debug */,
				D653BE9503BC1BED2F7D0585 /* Release */,
			);
			defaultConfigurationIsVisible = 0;
			defaultConfigurationName = Debug;
		};
		3F53E4913C6AB1E6080CE211 /* Build configuration list for PBXNativeTarget "ios-tipkit-20260227-131944-e85f4f" */ = {
			isa = XCConfigurationList;
			buildConfigurations = (
				404A2472791D1D6691C6A9C7 /* Debug */,
				3587C3DBB5B31A3C868BCA58 /* Release */,
			);
			defaultConfigurationIsVisible = 0;
			defaultConfigurationName = Debug;
		};
/* End XCConfigurationList section */
	};
	rootObject = 9D33BA8224560CE2957A52F9 /* Project object */;
}
